<?xml version="1.0" encoding="utf-8"?>
<Project ToolsVersion="4.0" xmlns="http://schemas.microsoft.com/developer/msbuild/2003">
  <ItemGroup>
    <Filter Include="Source Files">
      <UniqueIdentifier>{4FC737F1-C7A5-4376-A066-2A32D752A2FF}</UniqueIdentifier>
      <Extensions>cpp;c;cc;cxx;c++;cppm;ixx;def;odl;idl;hpj;bat;asm;asmx</Extensions>
    </Filter>
    <Filter Include="Header Files">
      <UniqueIdentifier>{93995380-89BD-4b04-88EB-625FBE52EBFB}</UniqueIdentifier>
      <Extensions>h;hh;hpp;hxx;h++;hm;inl;inc;ipp;xsd</Extensions>
    </Filter>
    <Filter Include="Resource Files">
      <UniqueIdentifier>{67DA6AB6-F800-4c08-8B7A-83BB121AAD01}</UniqueIdentifier>
      <Extensions>rc;ico;cur;bmp;dlg;rc2;rct;bin;rgs;gif;jpg;jpeg;jpe;resx;tiff;tif;png;wav;mfcribbon-ms</Extensions>
    </Filter>
    <Filter Include="Header Files\Level1">
      <UniqueIdentifier>{da48056b-b5bc-4c52-96eb-a267bd5cd850}</UniqueIdentifier>
    </Filter>
    <Filter Include="Header Files\Level2">
      <UniqueIdentifier>{82893aec-d845-401a-a803-d417c09d933e}</UniqueIdentifier>
    </Filter>
    <Filter Include="Source Files\Level1">
      <UniqueIdentifier>{984a56f7-2574-4584-babf-6f3e34edf2a5}</UniqueIdentifier>
    </Filter>
    <Filter Include="Source Files\Level2">
      <UniqueIdentifier>{c1566b1e-2490-4883-8044-5e48737698b2}</UniqueIdentifier>
    </Filter>
    <Filter Include="Source Files\General">
      <UniqueIdentifier>{903dda31-ad30-4d68-aea7-9a8b61adeb8a}</UniqueIdentifier>
    </Filter>
    <Filter Include="Header Files\General">
      <UniqueIdentifier>{08e45571-688a-42fa-bea3-5540a71c3099}</UniqueIdentifier>
    </Filter>
  </ItemGroup>
  <ItemGroup>
    <ClCompile Include="Main.cpp">
      <Filter>Source Files</Filter>
    </ClCompile>
    <ClCompile Include="Caterpillar.cpp">
      <Filter>Source Files\Level1</Filter>
    </ClCompile>
    <ClCompile Include="Level1.cpp">
      <Filter>Source Files\Level1</Filter>
    </ClCompile>
    <ClCompile Include="Level2.cpp">
      <Filter>Source Files\Level2</Filter>
    </ClCompile>
    <ClCompile Include="Branch.cpp">
      <Filter>Source Files\Level2</Filter>
    </ClCompile>
    <ClCompile Include="Camera.cpp">
      <Filter>Source Files\General</Filter>
    </ClCompile>
    <ClCompile Include="Game.cpp">
      <Filter>Source Files\General</Filter>
    </ClCompile>
    <ClCompile Include="Physics.cpp">
      <Filter>Source Files\General</Filter>
    </ClCompile>
    <ClCompile Include="Renderer.cpp">
      <Filter>Source Files\General</Filter>
    </ClCompile>
    <ClCompile Include="Resources.cpp">
      <Filter>Source Files\General</Filter>
    </ClCompile>
    <ClCompile Include="Levels.cpp">
      <Filter>Source Files\General</Filter>
    </ClCompile>
    <ClCompile Include="Ground.cpp">
      <Filter>Source Files\Level2</Filter>
    </ClCompile>
    <ClCompile Include="Boarder.cpp">
      <Filter>Source Files\Level2</Filter>
    </ClCompile>
    <ClCompile Include="Chrysalis.cpp">
      <Filter>Source Files\Level2</Filter>
    </ClCompile>
  </ItemGroup>
  <ItemGroup>
    <None Include="packages.config" />
  </ItemGroup>
  <ItemGroup>
    <ClInclude Include="Level1.h">
      <Filter>Header Files\Level1</Filter>
    </ClInclude>
    <ClInclude Include="Caterpillar.h">
      <Filter>Header Files\Level1</Filter>
    </ClInclude>
    <ClInclude Include="Branch.h">
      <Filter>Header Files\Level2</Filter>
    </ClInclude>
    <ClInclude Include="Chrysalis.h">
      <Filter>Header Files\Level2</Filter>
    </ClInclude>
    <ClInclude Include="Level2.h">
      <Filter>Header Files\Level2</Filter>
    </ClInclude>
    <ClInclude Include="Resources.h">
      <Filter>Header Files\General</Filter>
    </ClInclude>
    <ClInclude Include="Camera.h">
      <Filter>Header Files\General</Filter>
    </ClInclude>
    <ClInclude Include="Game.h">
      <Filter>Header Files\General</Filter>
    </ClInclude>
    <ClInclude Include="Physics.h">
      <Filter>Header Files\General</Filter>
    </ClInclude>
    <ClInclude Include="Renderer.h">
      <Filter>Header Files\General</Filter>
    </ClInclude>
    <ClInclude Include="Levels.h">
      <Filter>Header Files\General</Filter>
    </ClInclude>
    <ClInclude Include="Ground.h">
      <Filter>Header Files\Level2</Filter>
    </ClInclude>
    <ClInclude Include="Boarder.h">
      <Filter>Header Files\Level2</Filter>
    </ClInclude>
  </ItemGroup>
</Project>